// !$*UTF8*$!
{
	archiveVersion = 1;
	classes = {
	};
	objectVersion = 50;
	objects = {

/* Begin PBXBuildFile section */
		36D79502261B51F900C666B1 /* main.swift in Sources */ = {isa = PBXBuildFile; fileRef = 36D79501261B51F900C666B1 /* main.swift */; };
/* End PBXBuildFile section */

/* Begin PBXCopyFilesBuildPhase section */
		36D794FC261B51F900C666B1 /* CopyFiles */ = {
			isa = PBXCopyFilesBuildPhase;
			buildActionMask = 2147483647;
			dstPath = /usr/share/man/man1/;
			dstSubfolderSpec = 0;
			files = (
			);
			runOnlyForDeploymentPostprocessing = 1;
		};
/* End PBXCopyFilesBuildPhase section */

/* Begin PBXFileReference section */
		360FCE1926482FC500531E6B /* 평균 구하기.swift */ = {isa = PBXFileReference; lastKnownFileType = sourcecode.swift; path = "평균 구하기.swift"; sourceTree = "<group>"; };
		36C82FF027848FFC001381C4 /* 짝수와 홀수.swift */ = {isa = PBXFileReference; lastKnownFileType = sourcecode.swift; path = "짝수와 홀수.swift"; sourceTree = "<group>"; };
		36C82FF1278493E6001381C4 /* 제일 작은 수 제거하기.swift */ = {isa = PBXFileReference; lastKnownFileType = sourcecode.swift; path = "제일 작은 수 제거하기.swift"; sourceTree = "<group>"; };
		36C82FF627888491001381C4 /* 핸드폰 번호 가리기.swift */ = {isa = PBXFileReference; lastKnownFileType = sourcecode.swift; path = "핸드폰 번호 가리기.swift"; sourceTree = "<group>"; };
		36C82FF82789377D001381C4 /* x만큼 간격이 있는 n개의 숫자.swift */ = {isa = PBXFileReference; lastKnownFileType = sourcecode.swift; path = "x만큼 간격이 있는 n개의 숫자.swift"; sourceTree = "<group>"; };
		36C82FFA278B1CED001381C4 /* 하샤드 수.swift */ = {isa = PBXFileReference; lastKnownFileType = sourcecode.swift; path = "하샤드 수.swift"; sourceTree = "<group>"; };
		36C82FFC278C6252001381C4 /* 콜라츠 추측.swift */ = {isa = PBXFileReference; lastKnownFileType = sourcecode.swift; path = "콜라츠 추측.swift"; sourceTree = "<group>"; };
		36D62B02278DD0FF00789516 /* 직사각형 별찍기.swift */ = {isa = PBXFileReference; lastKnownFileType = sourcecode.swift; path = "직사각형 별찍기.swift"; sourceTree = "<group>"; };
		36D62B04278EFC3D00789516 /* 행렬의 덧셈.swift */ = {isa = PBXFileReference; lastKnownFileType = sourcecode.swift; path = "행렬의 덧셈.swift"; sourceTree = "<group>"; };
		36D62B06278F13E000789516 /* 정수 제곱근 판별.swift */ = {isa = PBXFileReference; lastKnownFileType = sourcecode.swift; path = "정수 제곱근 판별.swift"; sourceTree = "<group>"; };
		36D62B082790735100789516 /* 최대공약수와 최소공배수.swift */ = {isa = PBXFileReference; lastKnownFileType = sourcecode.swift; path = "최대공약수와 최소공배수.swift"; sourceTree = "<group>"; };
		36D62B0A2791C15300789516 /* 나누어 떨어지는 숫자 배열.swift */ = {isa = PBXFileReference; lastKnownFileType = sourcecode.swift; path = "나누어 떨어지는 숫자 배열.swift"; sourceTree = "<group>"; };
		36D62B0B2791C24200789516 /* 자연수 뒤집어 배열로 만들기.swift */ = {isa = PBXFileReference; lastKnownFileType = sourcecode.swift; path = "자연수 뒤집어 배열로 만들기.swift"; sourceTree = "<group>"; };
		36D62B0C2791C43E00789516 /* 정수 내림차순으로 배치하기.swift */ = {isa = PBXFileReference; lastKnownFileType = sourcecode.swift; path = "정수 내림차순으로 배치하기.swift"; sourceTree = "<group>"; };
		36D62B0E2793325B00789516 /* 문자열 내림차순으로 배치하기.swift */ = {isa = PBXFileReference; lastKnownFileType = sourcecode.swift; path = "문자열 내림차순으로 배치하기.swift"; sourceTree = "<group>"; };
		36D62B102795ABB900789516 /* 자릿수 더하기.swift */ = {isa = PBXFileReference; lastKnownFileType = sourcecode.swift; path = "자릿수 더하기.swift"; sourceTree = "<group>"; };
		36D62B1227970A3000789516 /* 로또의 최고 순위와 최저 순위.swift */ = {isa = PBXFileReference; lastKnownFileType = sourcecode.swift; path = "로또의 최고 순위와 최저 순위.swift"; sourceTree = "<group>"; };
		36D62B14279849E000789516 /* 약수의 합.swift */ = {isa = PBXFileReference; lastKnownFileType = sourcecode.swift; path = "약수의 합.swift"; sourceTree = "<group>"; };
		36D62B16279ADBD000789516 /* 서울에서 김서방 찾기.swift */ = {isa = PBXFileReference; lastKnownFileType = sourcecode.swift; path = "서울에서 김서방 찾기.swift"; sourceTree = "<group>"; };
		36D62B1827A173AA00789516 /* 수박수박수.swift */ = {isa = PBXFileReference; lastKnownFileType = sourcecode.swift; path = "수박수박수.swift"; sourceTree = "<group>"; };
		36D62B1A27A58A8A00789516 /* 이상한 문자 만들기.swift */ = {isa = PBXFileReference; lastKnownFileType = sourcecode.swift; path = "이상한 문자 만들기.swift"; sourceTree = "<group>"; };
		36D62B1C27A63B9300789516 /* 문자열 내 마음대로 정렬하기.swift */ = {isa = PBXFileReference; lastKnownFileType = sourcecode.swift; path = "문자열 내 마음대로 정렬하기.swift"; sourceTree = "<group>"; };
		36D62B1E27A792CC00789516 /* 시저 암호.swift */ = {isa = PBXFileReference; lastKnownFileType = sourcecode.swift; path = "시저 암호.swift"; sourceTree = "<group>"; };
		36D62B2127A7A67200789516 /* 2016년.swift */ = {isa = PBXFileReference; lastKnownFileType = sourcecode.swift; path = "2016년.swift"; sourceTree = "<group>"; };
		36D62B2327A7B48700789516 /* K번째수.swift */ = {isa = PBXFileReference; lastKnownFileType = sourcecode.swift; path = "K번째수.swift"; sourceTree = "<group>"; };
		36D62B2527A9803C00789516 /* 모의고사.swift */ = {isa = PBXFileReference; lastKnownFileType = sourcecode.swift; path = "모의고사.swift"; sourceTree = "<group>"; };
		36D62B2727A9926400789516 /* 두 개 뽑아서 더하기.swift */ = {isa = PBXFileReference; lastKnownFileType = sourcecode.swift; path = "두 개 뽑아서 더하기.swift"; sourceTree = "<group>"; };
		36D62B2927AC1A9200789516 /* 체육복.swift */ = {isa = PBXFileReference; lastKnownFileType = sourcecode.swift; path = "체육복.swift"; sourceTree = "<group>"; };
		36D794FE261B51F900C666B1 /* algorythm */ = {isa = PBXFileReference; explicitFileType = "compiled.mach-o.executable"; includeInIndex = 0; path = algorythm; sourceTree = BUILT_PRODUCTS_DIR; };
		36D79501261B51F900C666B1 /* main.swift */ = {isa = PBXFileReference; lastKnownFileType = sourcecode.swift; path = main.swift; sourceTree = "<group>"; };
		36D7950C261C958F00C666B1 /* 1000.swift */ = {isa = PBXFileReference; lastKnownFileType = sourcecode.swift; path = 1000.swift; sourceTree = "<group>"; };
		36D7951F261DF4D700C666B1 /* 1001.swift */ = {isa = PBXFileReference; lastKnownFileType = sourcecode.swift; path = 1001.swift; sourceTree = "<group>"; };
		36D79523261DFD0B00C666B1 /* 두 정수 사이의 합.swift */ = {isa = PBXFileReference; lastKnownFileType = sourcecode.swift; path = "두 정수 사이의 합.swift"; sourceTree = "<group>"; };
		36D7952A261F56AB00C666B1 /* 가운데 글자 가져오기.swift */ = {isa = PBXFileReference; lastKnownFileType = sourcecode.swift; path = "가운데 글자 가져오기.swift"; sourceTree = "<group>"; };
		36D7952C26213CFE00C666B1 /* 문자열 다루기 기본.swift */ = {isa = PBXFileReference; lastKnownFileType = sourcecode.swift; path = "문자열 다루기 기본.swift"; sourceTree = "<group>"; };
		36D7952E262490D700C666B1 /* 문자열 내 p와 y의 개수.swift */ = {isa = PBXFileReference; lastKnownFileType = sourcecode.swift; path = "문자열 내 p와 y의 개수.swift"; sourceTree = "<group>"; };
		36D795642628861B00C666B1 /* 문자열을 정수로 바꾸기.swift */ = {isa = PBXFileReference; lastKnownFileType = sourcecode.swift; path = "문자열을 정수로 바꾸기.swift"; sourceTree = "<group>"; };
/* End PBXFileReference section */

/* Begin PBXFrameworksBuildPhase section */
		36D794FB261B51F900C666B1 /* Frameworks */ = {
			isa = PBXFrameworksBuildPhase;
			buildActionMask = 2147483647;
			files = (
			);
			runOnlyForDeploymentPostprocessing = 0;
		};
/* End PBXFrameworksBuildPhase section */

/* Begin PBXGroup section */
		36C82FEE27848D67001381C4 /* Programmers */ = {
			isa = PBXGroup;
			children = (
				36C82FEF27848DAC001381C4 /* Level1 */,
			);
			path = Programmers;
			sourceTree = "<group>";
		};
		36C82FEF27848DAC001381C4 /* Level1 */ = {
			isa = PBXGroup;
			children = (
				36D79523261DFD0B00C666B1 /* 두 정수 사이의 합.swift */,
				36D7952A261F56AB00C666B1 /* 가운데 글자 가져오기.swift */,
				36D7952C26213CFE00C666B1 /* 문자열 다루기 기본.swift */,
				36D7952E262490D700C666B1 /* 문자열 내 p와 y의 개수.swift */,
				36D795642628861B00C666B1 /* 문자열을 정수로 바꾸기.swift */,
				360FCE1926482FC500531E6B /* 평균 구하기.swift */,
				36C82FF027848FFC001381C4 /* 짝수와 홀수.swift */,
				36C82FF1278493E6001381C4 /* 제일 작은 수 제거하기.swift */,
				36C82FF627888491001381C4 /* 핸드폰 번호 가리기.swift */,
				36C82FF82789377D001381C4 /* x만큼 간격이 있는 n개의 숫자.swift */,
				36C82FFA278B1CED001381C4 /* 하샤드 수.swift */,
				36C82FFC278C6252001381C4 /* 콜라츠 추측.swift */,
				36D62B02278DD0FF00789516 /* 직사각형 별찍기.swift */,
				36D62B04278EFC3D00789516 /* 행렬의 덧셈.swift */,
				36D62B06278F13E000789516 /* 정수 제곱근 판별.swift */,
				36D62B082790735100789516 /* 최대공약수와 최소공배수.swift */,
				36D62B0A2791C15300789516 /* 나누어 떨어지는 숫자 배열.swift */,
				36D62B0B2791C24200789516 /* 자연수 뒤집어 배열로 만들기.swift */,
				36D62B0C2791C43E00789516 /* 정수 내림차순으로 배치하기.swift */,
				36D62B0E2793325B00789516 /* 문자열 내림차순으로 배치하기.swift */,
				36D62B102795ABB900789516 /* 자릿수 더하기.swift */,
				36D62B1227970A3000789516 /* 로또의 최고 순위와 최저 순위.swift */,
				36D62B14279849E000789516 /* 약수의 합.swift */,
				36D62B16279ADBD000789516 /* 서울에서 김서방 찾기.swift */,
				36D62B1827A173AA00789516 /* 수박수박수.swift */,
				36D62B1A27A58A8A00789516 /* 이상한 문자 만들기.swift */,
				36D62B1C27A63B9300789516 /* 문자열 내 마음대로 정렬하기.swift */,
				36D62B1E27A792CC00789516 /* 시저 암호.swift */,
				36D62B2127A7A67200789516 /* 2016년.swift */,
				36D62B2327A7B48700789516 /* K번째수.swift */,
				36D62B2527A9803C00789516 /* 모의고사.swift */,
				36D62B2727A9926400789516 /* 두 개 뽑아서 더하기.swift */,
				36D62B2927AC1A9200789516 /* 체육복.swift */,
			);
			path = Level1;
			sourceTree = "<group>";
		};
		36D794F5261B51F900C666B1 = {
			isa = PBXGroup;
			children = (
				36D79500261B51F900C666B1 /* algorythm */,
				36D7951C261DD8B500C666B1 /* Baekjoon */,
				36C82FEE27848D67001381C4 /* Programmers */,
				36D794FF261B51F900C666B1 /* Products */,
			);
			sourceTree = "<group>";
		};
		36D794FF261B51F900C666B1 /* Products */ = {
			isa = PBXGroup;
			children = (
				36D794FE261B51F900C666B1 /* algorythm */,
			);
			name = Products;
			sourceTree = "<group>";
		};
		36D79500261B51F900C666B1 /* algorythm */ = {
			isa = PBXGroup;
			children = (
				36D79501261B51F900C666B1 /* main.swift */,
			);
			path = algorythm;
			sourceTree = "<group>";
		};
		36D7951C261DD8B500C666B1 /* Baekjoon */ = {
			isa = PBXGroup;
			children = (
				36D7950C261C958F00C666B1 /* 1000.swift */,
				36D7951F261DF4D700C666B1 /* 1001.swift */,
			);
			path = Baekjoon;
			sourceTree = "<group>";
		};
/* End PBXGroup section */

/* Begin PBXNativeTarget section */
		36D794FD261B51F900C666B1 /* algorythm */ = {
			isa = PBXNativeTarget;
			buildConfigurationList = 36D79505261B51F900C666B1 /* Build configuration list for PBXNativeTarget "algorythm" */;
			buildPhases = (
				36D794FA261B51F900C666B1 /* Sources */,
				36D794FB261B51F900C666B1 /* Frameworks */,
				36D794FC261B51F900C666B1 /* CopyFiles */,
			);
			buildRules = (
			);
			dependencies = (
			);
			name = algorythm;
			productName = algorythm;
			productReference = 36D794FE261B51F900C666B1 /* algorythm */;
			productType = "com.apple.product-type.tool";
		};
/* End PBXNativeTarget section */

/* Begin PBXProject section */
		36D794F6261B51F900C666B1 /* Project object */ = {
			isa = PBXProject;
			attributes = {
				LastSwiftUpdateCheck = 1240;
				LastUpgradeCheck = 1240;
				TargetAttributes = {
					36D794FD261B51F900C666B1 = {
						CreatedOnToolsVersion = 12.4;
					};
				};
			};
			buildConfigurationList = 36D794F9261B51F900C666B1 /* Build configuration list for PBXProject "algorythm" */;
			compatibilityVersion = "Xcode 9.3";
			developmentRegion = en;
			hasScannedForEncodings = 0;
			knownRegions = (
				en,
				Base,
			);
			mainGroup = 36D794F5261B51F900C666B1;
			productRefGroup = 36D794FF261B51F900C666B1 /* Products */;
			projectDirPath = "";
			projectRoot = "";
			targets = (
				36D794FD261B51F900C666B1 /* algorythm */,
			);
		};
/* End PBXProject section */

/* Begin PBXSourcesBuildPhase section */
		36D794FA261B51F900C666B1 /* Sources */ = {
			isa = PBXSourcesBuildPhase;
			buildActionMask = 2147483647;
			files = (
				36D79502261B51F900C666B1 /* main.swift in Sources */,
			);
			runOnlyForDeploymentPostprocessing = 0;
		};
/* End PBXSourcesBuildPhase section */

/* Begin XCBuildConfiguration section */
		36D79503261B51F900C666B1 /* Debug */ = {
			isa = XCBuildConfiguration;
			buildSettings = {
				ALWAYS_SEARCH_USER_PATHS = NO;
				CLANG_ANALYZER_NONNULL = YES;
				CLANG_ANALYZER_NUMBER_OBJECT_CONVERSION = YES_AGGRESSIVE;
				CLANG_CXX_LANGUAGE_STANDARD = "gnu++14";
				CLANG_CXX_LIBRARY = "libc++";
				CLANG_ENABLE_MODULES = YES;
				CLANG_ENABLE_OBJC_ARC = YES;
				CLANG_ENABLE_OBJC_WEAK = YES;
				CLANG_WARN_BLOCK_CAPTURE_AUTORELEASING = YES;
				CLANG_WARN_BOOL_CONVERSION = YES;
				CLANG_WARN_COMMA = YES;
				CLANG_WARN_CONSTANT_CONVERSION = YES;
				CLANG_WARN_DEPRECATED_OBJC_IMPLEMENTATIONS = YES;
				CLANG_WARN_DIRECT_OBJC_ISA_USAGE = YES_ERROR;
				CLANG_WARN_DOCUMENTATION_COMMENTS = YES;
				CLANG_WARN_EMPTY_BODY = YES;
				CLANG_WARN_ENUM_CONVERSION = YES;
				CLANG_WARN_INFINITE_RECURSION = YES;
				CLANG_WARN_INT_CONVERSION = YES;
				CLANG_WARN_NON_LITERAL_NULL_CONVERSION = YES;
				CLANG_WARN_OBJC_IMPLICIT_RETAIN_SELF = YES;
				CLANG_WARN_OBJC_LITERAL_CONVERSION = YES;
				CLANG_WARN_OBJC_ROOT_CLASS = YES_ERROR;
				CLANG_WARN_QUOTED_INCLUDE_IN_FRAMEWORK_HEADER = YES;
				CLANG_WARN_RANGE_LOOP_ANALYSIS = YES;
				CLANG_WARN_STRICT_PROTOTYPES = YES;
				CLANG_WARN_SUSPICIOUS_MOVE = YES;
				CLANG_WARN_UNGUARDED_AVAILABILITY = YES_AGGRESSIVE;
				CLANG_WARN_UNREACHABLE_CODE = YES;
				CLANG_WARN__DUPLICATE_METHOD_MATCH = YES;
				COPY_PHASE_STRIP = NO;
				DEBUG_INFORMATION_FORMAT = dwarf;
				ENABLE_STRICT_OBJC_MSGSEND = YES;
				ENABLE_TESTABILITY = YES;
				GCC_C_LANGUAGE_STANDARD = gnu11;
				GCC_DYNAMIC_NO_PIC = NO;
				GCC_NO_COMMON_BLOCKS = YES;
				GCC_OPTIMIZATION_LEVEL = 0;
				GCC_PREPROCESSOR_DEFINITIONS = (
					"DEBUG=1",
					"$(inherited)",
				);
				GCC_WARN_64_TO_32_BIT_CONVERSION = YES;
				GCC_WARN_ABOUT_RETURN_TYPE = YES_ERROR;
				GCC_WARN_UNDECLARED_SELECTOR = YES;
				GCC_WARN_UNINITIALIZED_AUTOS = YES_AGGRESSIVE;
				GCC_WARN_UNUSED_FUNCTION = YES;
				GCC_WARN_UNUSED_VARIABLE = YES;
				MACOSX_DEPLOYMENT_TARGET = 11.1;
				MTL_ENABLE_DEBUG_INFO = INCLUDE_SOURCE;
				MTL_FAST_MATH = YES;
				ONLY_ACTIVE_ARCH = YES;
				SDKROOT = macosx;
				SWIFT_ACTIVE_COMPILATION_CONDITIONS = DEBUG;
				SWIFT_OPTIMIZATION_LEVEL = "-Onone";
			};
			name = Debug;
		};
		36D79504261B51F900C666B1 /* Release */ = {
			isa = XCBuildConfiguration;
			buildSettings = {
				ALWAYS_SEARCH_USER_PATHS = NO;
				CLANG_ANALYZER_NONNULL = YES;
				CLANG_ANALYZER_NUMBER_OBJECT_CONVERSION = YES_AGGRESSIVE;
				CLANG_CXX_LANGUAGE_STANDARD = "gnu++14";
				CLANG_CXX_LIBRARY = "libc++";
				CLANG_ENABLE_MODULES = YES;
				CLANG_ENABLE_OBJC_ARC = YES;
				CLANG_ENABLE_OBJC_WEAK = YES;
				CLANG_WARN_BLOCK_CAPTURE_AUTORELEASING = YES;
				CLANG_WARN_BOOL_CONVERSION = YES;
				CLANG_WARN_COMMA = YES;
				CLANG_WARN_CONSTANT_CONVERSION = YES;
				CLANG_WARN_DEPRECATED_OBJC_IMPLEMENTATIONS = YES;
				CLANG_WARN_DIRECT_OBJC_ISA_USAGE = YES_ERROR;
				CLANG_WARN_DOCUMENTATION_COMMENTS = YES;
				CLANG_WARN_EMPTY_BODY = YES;
				CLANG_WARN_ENUM_CONVERSION = YES;
				CLANG_WARN_INFINITE_RECURSION = YES;
				CLANG_WARN_INT_CONVERSION = YES;
				CLANG_WARN_NON_LITERAL_NULL_CONVERSION = YES;
				CLANG_WARN_OBJC_IMPLICIT_RETAIN_SELF = YES;
				CLANG_WARN_OBJC_LITERAL_CONVERSION = YES;
				CLANG_WARN_OBJC_ROOT_CLASS = YES_ERROR;
				CLANG_WARN_QUOTED_INCLUDE_IN_FRAMEWORK_HEADER = YES;
				CLANG_WARN_RANGE_LOOP_ANALYSIS = YES;
				CLANG_WARN_STRICT_PROTOTYPES = YES;
				CLANG_WARN_SUSPICIOUS_MOVE = YES;
				CLANG_WARN_UNGUARDED_AVAILABILITY = YES_AGGRESSIVE;
				CLANG_WARN_UNREACHABLE_CODE = YES;
				CLANG_WARN__DUPLICATE_METHOD_MATCH = YES;
				COPY_PHASE_STRIP = NO;
				DEBUG_INFORMATION_FORMAT = "dwarf-with-dsym";
				ENABLE_NS_ASSERTIONS = NO;
				ENABLE_STRICT_OBJC_MSGSEND = YES;
				GCC_C_LANGUAGE_STANDARD = gnu11;
				GCC_NO_COMMON_BLOCKS = YES;
				GCC_WARN_64_TO_32_BIT_CONVERSION = YES;
				GCC_WARN_ABOUT_RETURN_TYPE = YES_ERROR;
				GCC_WARN_UNDECLARED_SELECTOR = YES;
				GCC_WARN_UNINITIALIZED_AUTOS = YES_AGGRESSIVE;
				GCC_WARN_UNUSED_FUNCTION = YES;
				GCC_WARN_UNUSED_VARIABLE = YES;
				MACOSX_DEPLOYMENT_TARGET = 11.1;
				MTL_ENABLE_DEBUG_INFO = NO;
				MTL_FAST_MATH = YES;
				SDKROOT = macosx;
				SWIFT_COMPILATION_MODE = wholemodule;
				SWIFT_OPTIMIZATION_LEVEL = "-O";
			};
			name = Release;
		};
		36D79506261B51F900C666B1 /* Debug */ = {
			isa = XCBuildConfiguration;
			buildSettings = {
				CODE_SIGN_STYLE = Automatic;
				DEVELOPMENT_TEAM = QAT46LHJF5;
				ENABLE_HARDENED_RUNTIME = YES;
				PRODUCT_NAME = "$(TARGET_NAME)";
				SWIFT_VERSION = 5.0;
			};
			name = Debug;
		};
		36D79507261B51F900C666B1 /* Release */ = {
			isa = XCBuildConfiguration;
			buildSettings = {
				CODE_SIGN_STYLE = Automatic;
				DEVELOPMENT_TEAM = QAT46LHJF5;
				ENABLE_HARDENED_RUNTIME = YES;
				PRODUCT_NAME = "$(TARGET_NAME)";
				SWIFT_VERSION = 5.0;
			};
			name = Release;
		};
/* End XCBuildConfiguration section */

/* Begin XCConfigurationList section */
		36D794F9261B51F900C666B1 /* Build configuration list for PBXProject "algorythm" */ = {
			isa = XCConfigurationList;
			buildConfigurations = (
				36D79503261B51F900C666B1 /* Debug */,
				36D79504261B51F900C666B1 /* Release */,
			);
			defaultConfigurationIsVisible = 0;
			defaultConfigurationName = Release;
		};
		36D79505261B51F900C666B1 /* Build configuration list for PBXNativeTarget "algorythm" */ = {
			isa = XCConfigurationList;
			buildConfigurations = (
				36D79506261B51F900C666B1 /* Debug */,
				36D79507261B51F900C666B1 /* Release */,
			);
			defaultConfigurationIsVisible = 0;
			defaultConfigurationName = Release;
		};
/* End XCConfigurationList section */
	};
	rootObject = 36D794F6261B51F900C666B1 /* Project object */;
}
